
Microsoft Visual Studio Solution File, Format Version 12.00
# Visual Studio 15
Project("{F2A71F9B-5D33-465A-A702-920D77279786}") = "KPTech.WS.Mvu.CSharp.Extensions", "KPTech.WS.Mvu.CSharp.Extensions.fsproj", "{C02781ED-9E68-4C82-A6D2-2067DD046C0E}"
EndProject
Global
	GlobalSection(SolutionConfigurationPlatforms) = preSolution
		Debug|Any CPU = Debug|Any CPU
		Release|Any CPU = Release|Any CPU
	EndGlobalSection
	GlobalSection(ProjectConfigurationPlatforms) = postSolution
		{C02781ED-9E68-4C82-A6D2-2067DD046C0E}.Debug|Any CPU.ActiveCfg = Debug|Any CPU
		{C02781ED-9E68-4C82-A6D2-2067DD046C0E}.Debug|Any CPU.Build.0 = Debug|Any CPU
		{C02781ED-9E68-4C82-A6D2-2067DD046C0E}.Release|Any CPU.ActiveCfg = Release|Any CPU
		{C02781ED-9E68-4C82-A6D2-2067DD046C0E}.Release|Any CPU.Build.0 = Release|Any CPU
	EndGlobalSection
EndGlobal
